
Microsoft Visual Studio Solution File, Format Version 12.00
# Visual Studio Version 17
VisualStudioVersion = 17.11.35303.130
MinimumVisualStudioVersion = 10.0.40219.1
Project("{FAE04EC0-301F-11D3-BF4B-00C04F79EFBC}") = "SupportBilling.API", "SupportBilling.API\SupportBilling.API.csproj", "{5AEE3A84-18B1-4E47-8C14-D7E8D3A0A280}"
EndProject
Project("{FAE04EC0-301F-11D3-BF4B-00C04F79EFBC}") = "SupportBilling.DOMAIN", "SupportBilling.DOMAIN\SupportBilling.DOMAIN.csproj", "{26B7EBE8-7F3A-43D7-8F43-002D5D6844F3}"
EndProject
Project("{FAE04EC0-301F-11D3-BF4B-00C04F79EFBC}") = "SupportBilling.INFRASTRUCTURE", "SupportBilling.INFRASTRUCTURE\SupportBilling.INFRASTRUCTURE.csproj", "{484D78B6-6BF3-4EEE-AAD6-7B75FEE434D4}"
EndProject
Project("{FAE04EC0-301F-11D3-BF4B-00C04F79EFBC}") = "SupportBilling.APPLICATION", "SupportBilling.APPLICATION\SupportBilling.APPLICATION.csproj", "{3F545F1D-507F-4C59-AA72-440E69B06301}"
EndProject
Project("{FAE04EC0-301F-11D3-BF4B-00C04F79EFBC}") = "SupportBilling.Web", "SupportBilling.Web\SupportBilling.Web.csproj", "{72088C55-86E5-4B90-938E-DF91E94C6586}"
EndProject
Global
	GlobalSection(SolutionConfigurationPlatforms) = preSolution
		Debug|Any CPU = Debug|Any CPU
		Release|Any CPU = Release|Any CPU
	EndGlobalSection
	GlobalSection(ProjectConfigurationPlatforms) = postSolution
		{5AEE3A84-18B1-4E47-8C14-D7E8D3A0A280}.Debug|Any CPU.ActiveCfg = Debug|Any CPU
		{5AEE3A84-18B1-4E47-8C14-D7E8D3A0A280}.Debug|Any CPU.Build.0 = Debug|Any CPU
		{5AEE3A84-18B1-4E47-8C14-D7E8D3A0A280}.Release|Any CPU.ActiveCfg = Release|Any CPU
		{5AEE3A84-18B1-4E47-8C14-D7E8D3A0A280}.Release|Any CPU.Build.0 = Release|Any CPU
		{26B7EBE8-7F3A-43D7-8F43-002D5D6844F3}.Debug|Any CPU.ActiveCfg = Debug|Any CPU
		{26B7EBE8-7F3A-43D7-8F43-002D5D6844F3}.Debug|Any CPU.Build.0 = Debug|Any CPU
		{26B7EBE8-7F3A-43D7-8F43-002D5D6844F3}.Release|Any CPU.ActiveCfg = Release|Any CPU
		{26B7EBE8-7F3A-43D7-8F43-002D5D6844F3}.Release|Any CPU.Build.0 = Release|Any CPU
		{484D78B6-6BF3-4EEE-AAD6-7B75FEE434D4}.Debug|Any CPU.ActiveCfg = Debug|Any CPU
		{484D78B6-6BF3-4EEE-AAD6-7B75FEE434D4}.Debug|Any CPU.Build.0 = Debug|Any CPU
		{484D78B6-6BF3-4EEE-AAD6-7B75FEE434D4}.Release|Any CPU.ActiveCfg = Release|Any CPU
		{484D78B6-6BF3-4EEE-AAD6-7B75FEE434D4}.Release|Any CPU.Build.0 = Release|Any CPU
		{3F545F1D-507F-4C59-AA72-440E69B06301}.Debug|Any CPU.ActiveCfg = Debug|Any CPU
		{3F545F1D-507F-4C59-AA72-440E69B06301}.Debug|Any CPU.Build.0 = Debug|Any CPU
		{3F545F1D-507F-4C59-AA72-440E69B06301}.Release|Any CPU.ActiveCfg = Release|Any CPU
		{3F545F1D-507F-4C59-AA72-440E69B06301}.Release|Any CPU.Build.0 = Release|Any CPU
		{72088C55-86E5-4B90-938E-DF91E94C6586}.Debug|Any CPU.ActiveCfg = Debug|Any CPU
		{72088C55-86E5-4B90-938E-DF91E94C6586}.Debug|Any CPU.Build.0 = Debug|Any CPU
		{72088C55-86E5-4B90-938E-DF91E94C6586}.Release|Any CPU.ActiveCfg = Release|Any CPU
		{72088C55-86E5-4B90-938E-DF91E94C6586}.Release|Any CPU.Build.0 = Release|Any CPU
	EndGlobalSection
	GlobalSection(SolutionProperties) = preSolution
		HideSolutionNode = FALSE
	EndGlobalSection
	GlobalSection(ExtensibilityGlobals) = postSolution
		SolutionGuid = {A456E1B8-F489-497E-AE61-FFB791B7A46F}
	EndGlobalSection
EndGlobal
